
Microsoft Visual Studio Solution File, Format Version 12.00
# Visual Studio Version 17
VisualStudioVersion = 17.8.34511.84
MinimumVisualStudioVersion = 10.0.40219.1
Project("{2150E333-8FDC-42A3-9474-1A3956D46DE8}") = "Shared Libraries", "Shared Libraries", "{E961C187-AC9E-4703-ACF9-07B2878EC0F2}"
EndProject
Project("{2150E333-8FDC-42A3-9474-1A3956D46DE8}") = "App", "App", "{BBAFBFA1-1EE8-4120-B574-38DB49CC2A06}"
EndProject
Project("{2150E333-8FDC-42A3-9474-1A3956D46DE8}") = "Server", "Server", "{55289F65-4473-445D-9ADC-F7BC78E6A409}"
EndProject
Project("{2150E333-8FDC-42A3-9474-1A3956D46DE8}") = "Client", "Client", "{40BEA666-8777-4C62-A408-4CD33A8EF720}"
EndProject
Project("{2150E333-8FDC-42A3-9474-1A3956D46DE8}") = "UI", "UI", "{F9E505CB-EDC2-48C0-BEFC-D16AAADACD3D}"
EndProject
Project("{9A19103F-16F7-4668-BE54-9A1E7A4F7556}") = "BlazorBot.UI", "BlazorBot.UI\BlazorBot.UI.csproj", "{5E5EA7FF-6A0F-4117-9C3D-D6CCF5D8DE3B}"
EndProject
Project("{9A19103F-16F7-4668-BE54-9A1E7A4F7556}") = "BlazorBot.Shared", "BlazorBot.Shared\BlazorBot.Shared.csproj", "{345EAE6F-14F4-4302-BB6C-CBED483A8588}"
EndProject
Project("{2150E333-8FDC-42A3-9474-1A3956D46DE8}") = "Serivces", "Serivces", "{8605AF76-CFE0-4C70-A705-DE061E679755}"
EndProject
Project("{9A19103F-16F7-4668-BE54-9A1E7A4F7556}") = "BlazorBot.ClientServices", "BlazorBot.ClientServices\BlazorBot.ClientServices.csproj", "{5A6A67F3-686E-4E08-8E3D-8A7820B013D1}"
EndProject
Project("{9A19103F-16F7-4668-BE54-9A1E7A4F7556}") = "BlazorBot.ServerServices", "BlazorBot.ServerServices\BlazorBot.ServerServices.csproj", "{E2DAB061-DE67-426E-B4FA-1C25AD2E72C8}"
EndProject
Project("{9A19103F-16F7-4668-BE54-9A1E7A4F7556}") = "BlazorBotApp", "BlazorBotApp\BlazorBotApp\BlazorBotApp.csproj", "{33409FB2-71D0-4C6C-8F9A-257FA5BFDB58}"
EndProject
Project("{9A19103F-16F7-4668-BE54-9A1E7A4F7556}") = "BlazorBotApp.Client", "BlazorBotApp\BlazorBotApp.Client\BlazorBotApp.Client.csproj", "{A754EEA1-8939-4FEB-ACB9-3103064F76B8}"
EndProject
Project("{2150E333-8FDC-42A3-9474-1A3956D46DE8}") = "StateManagement", "StateManagement", "{3704967E-1A46-4555-AFAE-47EC17AD44E5}"
EndProject
Project("{9A19103F-16F7-4668-BE54-9A1E7A4F7556}") = "BlazorBot.SignalRHub", "BlazorBot.SignalRHub\BlazorBot.SignalRHub.csproj", "{9C22C744-4A94-447D-9FAC-A9678570C6BB}"
EndProject
Project("{2150E333-8FDC-42A3-9474-1A3956D46DE8}") = "Test", "Test", "{8C5768B2-D2A6-4ACB-848D-B4DF5A694095}"
EndProject
Project("{9A19103F-16F7-4668-BE54-9A1E7A4F7556}") = "BlazorBot.Tests", "BlazorBot.Tests\BlazorBot.Tests.csproj", "{B423F453-0631-4725-9925-F25026F18B06}"
EndProject
Project("{2150E333-8FDC-42A3-9474-1A3956D46DE8}") = "Blazor Component Library", "Blazor Component Library", "{06E6D766-B92E-4620-B528-AC0922349CE1}"
EndProject
Project("{9A19103F-16F7-4668-BE54-9A1E7A4F7556}") = "One1Lion.BlazorLib", "..\..\..\BlazorComponentLibrary\One1Lion.BlazorComponents\One1Lion.BlazorLib\One1Lion.BlazorLib.csproj", "{2C4D0968-57F9-4AED-86A5-824ED90EDAD9}"
EndProject
Project("{9A19103F-16F7-4668-BE54-9A1E7A4F7556}") = "One1Lion.CameraView", "..\..\..\BlazorComponentLibrary\One1Lion.BlazorComponents\One1Lion.CameraView\One1Lion.CameraView.csproj", "{9721107F-27AF-4743-909E-AD2B4DF87C5E}"
EndProject
Project("{9A19103F-16F7-4668-BE54-9A1E7A4F7556}") = "One1Lion.Card", "..\..\..\BlazorComponentLibrary\One1Lion.BlazorComponents\One1Lion.Card\One1Lion.Card.csproj", "{84383F7C-8473-433B-ADF1-89A0F40CE19D}"
EndProject
Project("{9A19103F-16F7-4668-BE54-9A1E7A4F7556}") = "One1Lion.Carousel", "..\..\..\BlazorComponentLibrary\One1Lion.BlazorComponents\One1Lion.Carousel\One1Lion.Carousel.csproj", "{0874D44B-D400-48D4-A750-E904D6057D9E}"
EndProject
Project("{9A19103F-16F7-4668-BE54-9A1E7A4F7556}") = "One1Lion.ChartJs", "..\..\..\BlazorComponentLibrary\One1Lion.BlazorComponents\One1Lion.ChartJs\One1Lion.ChartJs.csproj", "{9F993385-E4F4-4C51-BFBC-2C1E83EFAD63}"
EndProject
Project("{9A19103F-16F7-4668-BE54-9A1E7A4F7556}") = "One1Lion.Dialog", "..\..\..\BlazorComponentLibrary\One1Lion.BlazorComponents\One1Lion.Dialog\One1Lion.Dialog.csproj", "{1700DFCF-19E5-4C71-8A86-46DB461659C3}"
EndProject
Project("{9A19103F-16F7-4668-BE54-9A1E7A4F7556}") = "One1Lion.DockableToolbar", "..\..\..\BlazorComponentLibrary\One1Lion.BlazorComponents\One1Lion.DockableToolbar\One1Lion.DockableToolbar.csproj", "{666B0CBD-6DAB-44D9-BBDB-8105ED08E3B8}"
EndProject
Project("{9A19103F-16F7-4668-BE54-9A1E7A4F7556}") = "One1Lion.DragAndDrop", "..\..\..\BlazorComponentLibrary\One1Lion.BlazorComponents\One1Lion.DragAndDrop\One1Lion.DragAndDrop.csproj", "{060F4DB8-DB92-4051-A824-D0ADED75CC60}"
EndProject
Project("{9A19103F-16F7-4668-BE54-9A1E7A4F7556}") = "One1Lion.FormsExtensions", "..\..\..\BlazorComponentLibrary\One1Lion.BlazorComponents\One1Lion.FormsExtensions\One1Lion.FormsExtensions.csproj", "{444BE34A-9AA9-4762-9052-C167AFB69D98}"
EndProject
Project("{9A19103F-16F7-4668-BE54-9A1E7A4F7556}") = "One1Lion.Icon", "..\..\..\BlazorComponentLibrary\One1Lion.BlazorComponents\One1Lion.Icon\One1Lion.Icon.csproj", "{3716DB9B-F193-451A-9274-C4A7522BD851}"
EndProject
Project("{9A19103F-16F7-4668-BE54-9A1E7A4F7556}") = "One1Lion.Loader", "..\..\..\BlazorComponentLibrary\One1Lion.BlazorComponents\One1Lion.Loader\One1Lion.Loader.csproj", "{395F9A5C-9C7B-4E28-9014-D4DC993CE586}"
EndProject
Project("{9A19103F-16F7-4668-BE54-9A1E7A4F7556}") = "One1Lion.Pager", "..\..\..\BlazorComponentLibrary\One1Lion.BlazorComponents\One1Lion.Pager\One1Lion.Pager.csproj", "{28E3FC0A-D5C0-4C2F-87B7-59DDCE8E4A8B}"
EndProject
Project("{9A19103F-16F7-4668-BE54-9A1E7A4F7556}") = "One1Lion.Shared", "..\..\..\BlazorComponentLibrary\One1Lion.BlazorComponents\One1Lion.Shared\One1Lion.Shared.csproj", "{99D27DAE-79B7-4EDF-962F-905743D0B424}"
EndProject
Project("{9A19103F-16F7-4668-BE54-9A1E7A4F7556}") = "One1Lion.SliderButton", "..\..\..\BlazorComponentLibrary\One1Lion.BlazorComponents\One1Lion.SliderButton\One1Lion.SliderButton.csproj", "{CCA81763-C24F-457F-9209-5933D3190559}"
EndProject
Project("{9A19103F-16F7-4668-BE54-9A1E7A4F7556}") = "One1Lion.Toaster", "..\..\..\BlazorComponentLibrary\One1Lion.BlazorComponents\One1Lion.Toaster\One1Lion.Toaster.csproj", "{05501467-5C6A-4EF6-8D07-1806989740DC}"
EndProject
Project("{9A19103F-16F7-4668-BE54-9A1E7A4F7556}") = "One1Lion.TypeAhead", "..\..\..\BlazorComponentLibrary\One1Lion.BlazorComponents\One1Lion.TypeAhead\One1Lion.TypeAhead.csproj", "{60927C15-5A49-4EFA-BEC7-ACCFDB2E1352}"
EndProject
Project("{2150E333-8FDC-42A3-9474-1A3956D46DE8}") = "Solution Items", "Solution Items", "{F9290AF3-7A1D-47B6-8352-4CB10BD10751}"
	ProjectSection(SolutionItems) = preProject
		..\..\.gitignore = ..\..\.gitignore
		..\..\README.md = ..\..\README.md
	EndProjectSection
EndProject
Project("{2150E333-8FDC-42A3-9474-1A3956D46DE8}") = "Maui", "Maui", "{A00C9436-3D13-410F-9E47-BF6EEF6C2511}"
EndProject
Project("{FAE04EC0-301F-11D3-BF4B-00C04F79EFBC}") = "MauiBlazorBot", "MauiBlazorBot\MauiBlazorBot.csproj", "{BE625A7B-D472-40C5-880B-9891E70C91C9}"
EndProject
Global
	GlobalSection(SolutionConfigurationPlatforms) = preSolution
		Debug|Any CPU = Debug|Any CPU
		Release|Any CPU = Release|Any CPU
	EndGlobalSection
	GlobalSection(ProjectConfigurationPlatforms) = postSolution
		{5E5EA7FF-6A0F-4117-9C3D-D6CCF5D8DE3B}.Debug|Any CPU.ActiveCfg = Debug|Any CPU
		{5E5EA7FF-6A0F-4117-9C3D-D6CCF5D8DE3B}.Debug|Any CPU.Build.0 = Debug|Any CPU
		{5E5EA7FF-6A0F-4117-9C3D-D6CCF5D8DE3B}.Release|Any CPU.ActiveCfg = Release|Any CPU
		{5E5EA7FF-6A0F-4117-9C3D-D6CCF5D8DE3B}.Release|Any CPU.Build.0 = Release|Any CPU
		{345EAE6F-14F4-4302-BB6C-CBED483A8588}.Debug|Any CPU.ActiveCfg = Debug|Any CPU
		{345EAE6F-14F4-4302-BB6C-CBED483A8588}.Debug|Any CPU.Build.0 = Debug|Any CPU
		{345EAE6F-14F4-4302-BB6C-CBED483A8588}.Release|Any CPU.ActiveCfg = Release|Any CPU
		{345EAE6F-14F4-4302-BB6C-CBED483A8588}.Release|Any CPU.Build.0 = Release|Any CPU
		{5A6A67F3-686E-4E08-8E3D-8A7820B013D1}.Debug|Any CPU.ActiveCfg = Debug|Any CPU
		{5A6A67F3-686E-4E08-8E3D-8A7820B013D1}.Debug|Any CPU.Build.0 = Debug|Any CPU
		{5A6A67F3-686E-4E08-8E3D-8A7820B013D1}.Release|Any CPU.ActiveCfg = Release|Any CPU
		{5A6A67F3-686E-4E08-8E3D-8A7820B013D1}.Release|Any CPU.Build.0 = Release|Any CPU
		{E2DAB061-DE67-426E-B4FA-1C25AD2E72C8}.Debug|Any CPU.ActiveCfg = Debug|Any CPU
		{E2DAB061-DE67-426E-B4FA-1C25AD2E72C8}.Debug|Any CPU.Build.0 = Debug|Any CPU
		{E2DAB061-DE67-426E-B4FA-1C25AD2E72C8}.Release|Any CPU.ActiveCfg = Release|Any CPU
		{E2DAB061-DE67-426E-B4FA-1C25AD2E72C8}.Release|Any CPU.Build.0 = Release|Any CPU
		{33409FB2-71D0-4C6C-8F9A-257FA5BFDB58}.Debug|Any CPU.ActiveCfg = Debug|Any CPU
		{33409FB2-71D0-4C6C-8F9A-257FA5BFDB58}.Debug|Any CPU.Build.0 = Debug|Any CPU
		{33409FB2-71D0-4C6C-8F9A-257FA5BFDB58}.Release|Any CPU.ActiveCfg = Release|Any CPU
		{33409FB2-71D0-4C6C-8F9A-257FA5BFDB58}.Release|Any CPU.Build.0 = Release|Any CPU
		{A754EEA1-8939-4FEB-ACB9-3103064F76B8}.Debug|Any CPU.ActiveCfg = Debug|Any CPU
		{A754EEA1-8939-4FEB-ACB9-3103064F76B8}.Debug|Any CPU.Build.0 = Debug|Any CPU
		{A754EEA1-8939-4FEB-ACB9-3103064F76B8}.Release|Any CPU.ActiveCfg = Release|Any CPU
		{A754EEA1-8939-4FEB-ACB9-3103064F76B8}.Release|Any CPU.Build.0 = Release|Any CPU
		{9C22C744-4A94-447D-9FAC-A9678570C6BB}.Debug|Any CPU.ActiveCfg = Debug|Any CPU
		{9C22C744-4A94-447D-9FAC-A9678570C6BB}.Debug|Any CPU.Build.0 = Debug|Any CPU
		{9C22C744-4A94-447D-9FAC-A9678570C6BB}.Release|Any CPU.ActiveCfg = Release|Any CPU
		{9C22C744-4A94-447D-9FAC-A9678570C6BB}.Release|Any CPU.Build.0 = Release|Any CPU
		{B423F453-0631-4725-9925-F25026F18B06}.Debug|Any CPU.ActiveCfg = Debug|Any CPU
		{B423F453-0631-4725-9925-F25026F18B06}.Debug|Any CPU.Build.0 = Debug|Any CPU
		{B423F453-0631-4725-9925-F25026F18B06}.Release|Any CPU.ActiveCfg = Release|Any CPU
		{B423F453-0631-4725-9925-F25026F18B06}.Release|Any CPU.Build.0 = Release|Any CPU
		{2C4D0968-57F9-4AED-86A5-824ED90EDAD9}.Debug|Any CPU.ActiveCfg = Debug|Any CPU
		{2C4D0968-57F9-4AED-86A5-824ED90EDAD9}.Debug|Any CPU.Build.0 = Debug|Any CPU
		{2C4D0968-57F9-4AED-86A5-824ED90EDAD9}.Release|Any CPU.ActiveCfg = Release|Any CPU
		{2C4D0968-57F9-4AED-86A5-824ED90EDAD9}.Release|Any CPU.Build.0 = Release|Any CPU
		{9721107F-27AF-4743-909E-AD2B4DF87C5E}.Debug|Any CPU.ActiveCfg = Debug|Any CPU
		{9721107F-27AF-4743-909E-AD2B4DF87C5E}.Debug|Any CPU.Build.0 = Debug|Any CPU
		{9721107F-27AF-4743-909E-AD2B4DF87C5E}.Release|Any CPU.ActiveCfg = Release|Any CPU
		{9721107F-27AF-4743-909E-AD2B4DF87C5E}.Release|Any CPU.Build.0 = Release|Any CPU
		{84383F7C-8473-433B-ADF1-89A0F40CE19D}.Debug|Any CPU.ActiveCfg = Debug|Any CPU
		{84383F7C-8473-433B-ADF1-89A0F40CE19D}.Debug|Any CPU.Build.0 = Debug|Any CPU
		{84383F7C-8473-433B-ADF1-89A0F40CE19D}.Release|Any CPU.ActiveCfg = Release|Any CPU
		{84383F7C-8473-433B-ADF1-89A0F40CE19D}.Release|Any CPU.Build.0 = Release|Any CPU
		{0874D44B-D400-48D4-A750-E904D6057D9E}.Debug|Any CPU.ActiveCfg = Debug|Any CPU
		{0874D44B-D400-48D4-A750-E904D6057D9E}.Debug|Any CPU.Build.0 = Debug|Any CPU
		{0874D44B-D400-48D4-A750-E904D6057D9E}.Release|Any CPU.ActiveCfg = Release|Any CPU
		{0874D44B-D400-48D4-A750-E904D6057D9E}.Release|Any CPU.Build.0 = Release|Any CPU
		{9F993385-E4F4-4C51-BFBC-2C1E83EFAD63}.Debug|Any CPU.ActiveCfg = Debug|Any CPU
		{9F993385-E4F4-4C51-BFBC-2C1E83EFAD63}.Debug|Any CPU.Build.0 = Debug|Any CPU
		{9F993385-E4F4-4C51-BFBC-2C1E83EFAD63}.Release|Any CPU.ActiveCfg = Release|Any CPU
		{9F993385-E4F4-4C51-BFBC-2C1E83EFAD63}.Release|Any CPU.Build.0 = Release|Any CPU
		{1700DFCF-19E5-4C71-8A86-46DB461659C3}.Debug|Any CPU.ActiveCfg = Debug|Any CPU
		{1700DFCF-19E5-4C71-8A86-46DB461659C3}.Debug|Any CPU.Build.0 = Debug|Any CPU
		{1700DFCF-19E5-4C71-8A86-46DB461659C3}.Release|Any CPU.ActiveCfg = Release|Any CPU
		{1700DFCF-19E5-4C71-8A86-46DB461659C3}.Release|Any CPU.Build.0 = Release|Any CPU
		{666B0CBD-6DAB-44D9-BBDB-8105ED08E3B8}.Debug|Any CPU.ActiveCfg = Debug|Any CPU
		{666B0CBD-6DAB-44D9-BBDB-8105ED08E3B8}.Debug|Any CPU.Build.0 = Debug|Any CPU
		{666B0CBD-6DAB-44D9-BBDB-8105ED08E3B8}.Release|Any CPU.ActiveCfg = Release|Any CPU
		{666B0CBD-6DAB-44D9-BBDB-8105ED08E3B8}.Release|Any CPU.Build.0 = Release|Any CPU
		{060F4DB8-DB92-4051-A824-D0ADED75CC60}.Debug|Any CPU.ActiveCfg = Debug|Any CPU
		{060F4DB8-DB92-4051-A824-D0ADED75CC60}.Debug|Any CPU.Build.0 = Debug|Any CPU
		{060F4DB8-DB92-4051-A824-D0ADED75CC60}.Release|Any CPU.ActiveCfg = Release|Any CPU
		{060F4DB8-DB92-4051-A824-D0ADED75CC60}.Release|Any CPU.Build.0 = Release|Any CPU
		{444BE34A-9AA9-4762-9052-C167AFB69D98}.Debug|Any CPU.ActiveCfg = Debug|Any CPU
		{444BE34A-9AA9-4762-9052-C167AFB69D98}.Debug|Any CPU.Build.0 = Debug|Any CPU
		{444BE34A-9AA9-4762-9052-C167AFB69D98}.Release|Any CPU.ActiveCfg = Release|Any CPU
		{444BE34A-9AA9-4762-9052-C167AFB69D98}.Release|Any CPU.Build.0 = Release|Any CPU
		{3716DB9B-F193-451A-9274-C4A7522BD851}.Debug|Any CPU.ActiveCfg = Debug|Any CPU
		{3716DB9B-F193-451A-9274-C4A7522BD851}.Debug|Any CPU.Build.0 = Debug|Any CPU
		{3716DB9B-F193-451A-9274-C4A7522BD851}.Release|Any CPU.ActiveCfg = Release|Any CPU
		{3716DB9B-F193-451A-9274-C4A7522BD851}.Release|Any CPU.Build.0 = Release|Any CPU
		{395F9A5C-9C7B-4E28-9014-D4DC993CE586}.Debug|Any CPU.ActiveCfg = Debug|Any CPU
		{395F9A5C-9C7B-4E28-9014-D4DC993CE586}.Debug|Any CPU.Build.0 = Debug|Any CPU
		{395F9A5C-9C7B-4E28-9014-D4DC993CE586}.Release|Any CPU.ActiveCfg = Release|Any CPU
		{395F9A5C-9C7B-4E28-9014-D4DC993CE586}.Release|Any CPU.Build.0 = Release|Any CPU
		{28E3FC0A-D5C0-4C2F-87B7-59DDCE8E4A8B}.Debug|Any CPU.ActiveCfg = Debug|Any CPU
		{28E3FC0A-D5C0-4C2F-87B7-59DDCE8E4A8B}.Debug|Any CPU.Build.0 = Debug|Any CPU
		{28E3FC0A-D5C0-4C2F-87B7-59DDCE8E4A8B}.Release|Any CPU.ActiveCfg = Release|Any CPU
		{28E3FC0A-D5C0-4C2F-87B7-59DDCE8E4A8B}.Release|Any CPU.Build.0 = Release|Any CPU
		{99D27DAE-79B7-4EDF-962F-905743D0B424}.Debug|Any CPU.ActiveCfg = Debug|Any CPU
		{99D27DAE-79B7-4EDF-962F-905743D0B424}.Debug|Any CPU.Build.0 = Debug|Any CPU
		{99D27DAE-79B7-4EDF-962F-905743D0B424}.Release|Any CPU.ActiveCfg = Release|Any CPU
		{99D27DAE-79B7-4EDF-962F-905743D0B424}.Release|Any CPU.Build.0 = Release|Any CPU
		{CCA81763-C24F-457F-9209-5933D3190559}.Debug|Any CPU.ActiveCfg = Debug|Any CPU
		{CCA81763-C24F-457F-9209-5933D3190559}.Debug|Any CPU.Build.0 = Debug|Any CPU
		{CCA81763-C24F-457F-9209-5933D3190559}.Release|Any CPU.ActiveCfg = Release|Any CPU
		{CCA81763-C24F-457F-9209-5933D3190559}.Release|Any CPU.Build.0 = Release|Any CPU
		{05501467-5C6A-4EF6-8D07-1806989740DC}.Debug|Any CPU.ActiveCfg = Debug|Any CPU
		{05501467-5C6A-4EF6-8D07-1806989740DC}.Debug|Any CPU.Build.0 = Debug|Any CPU
		{05501467-5C6A-4EF6-8D07-1806989740DC}.Release|Any CPU.ActiveCfg = Release|Any CPU
		{05501467-5C6A-4EF6-8D07-1806989740DC}.Release|Any CPU.Build.0 = Release|Any CPU
		{60927C15-5A49-4EFA-BEC7-ACCFDB2E1352}.Debug|Any CPU.ActiveCfg = Debug|Any CPU
		{60927C15-5A49-4EFA-BEC7-ACCFDB2E1352}.Debug|Any CPU.Build.0 = Debug|Any CPU
		{60927C15-5A49-4EFA-BEC7-ACCFDB2E1352}.Release|Any CPU.ActiveCfg = Release|Any CPU
		{60927C15-5A49-4EFA-BEC7-ACCFDB2E1352}.Release|Any CPU.Build.0 = Release|Any CPU
		{BE625A7B-D472-40C5-880B-9891E70C91C9}.Debug|Any CPU.ActiveCfg = Debug|Any CPU
		{BE625A7B-D472-40C5-880B-9891E70C91C9}.Debug|Any CPU.Build.0 = Debug|Any CPU
		{BE625A7B-D472-40C5-880B-9891E70C91C9}.Debug|Any CPU.Deploy.0 = Debug|Any CPU
		{BE625A7B-D472-40C5-880B-9891E70C91C9}.Release|Any CPU.ActiveCfg = Release|Any CPU
		{BE625A7B-D472-40C5-880B-9891E70C91C9}.Release|Any CPU.Build.0 = Release|Any CPU
		{BE625A7B-D472-40C5-880B-9891E70C91C9}.Release|Any CPU.Deploy.0 = Release|Any CPU
	EndGlobalSection
	GlobalSection(SolutionProperties) = preSolution
		HideSolutionNode = FALSE
	EndGlobalSection
	GlobalSection(NestedProjects) = preSolution
		{55289F65-4473-445D-9ADC-F7BC78E6A409} = {BBAFBFA1-1EE8-4120-B574-38DB49CC2A06}
		{40BEA666-8777-4C62-A408-4CD33A8EF720} = {BBAFBFA1-1EE8-4120-B574-38DB49CC2A06}
		{5E5EA7FF-6A0F-4117-9C3D-D6CCF5D8DE3B} = {F9E505CB-EDC2-48C0-BEFC-D16AAADACD3D}
		{345EAE6F-14F4-4302-BB6C-CBED483A8588} = {E961C187-AC9E-4703-ACF9-07B2878EC0F2}
		{5A6A67F3-686E-4E08-8E3D-8A7820B013D1} = {8605AF76-CFE0-4C70-A705-DE061E679755}
		{E2DAB061-DE67-426E-B4FA-1C25AD2E72C8} = {8605AF76-CFE0-4C70-A705-DE061E679755}
		{33409FB2-71D0-4C6C-8F9A-257FA5BFDB58} = {55289F65-4473-445D-9ADC-F7BC78E6A409}
		{A754EEA1-8939-4FEB-ACB9-3103064F76B8} = {40BEA666-8777-4C62-A408-4CD33A8EF720}
		{9C22C744-4A94-447D-9FAC-A9678570C6BB} = {8605AF76-CFE0-4C70-A705-DE061E679755}
		{B423F453-0631-4725-9925-F25026F18B06} = {8C5768B2-D2A6-4ACB-848D-B4DF5A694095}
		{06E6D766-B92E-4620-B528-AC0922349CE1} = {F9E505CB-EDC2-48C0-BEFC-D16AAADACD3D}
		{2C4D0968-57F9-4AED-86A5-824ED90EDAD9} = {06E6D766-B92E-4620-B528-AC0922349CE1}
		{9721107F-27AF-4743-909E-AD2B4DF87C5E} = {06E6D766-B92E-4620-B528-AC0922349CE1}
		{84383F7C-8473-433B-ADF1-89A0F40CE19D} = {06E6D766-B92E-4620-B528-AC0922349CE1}
		{0874D44B-D400-48D4-A750-E904D6057D9E} = {06E6D766-B92E-4620-B528-AC0922349CE1}
		{9F993385-E4F4-4C51-BFBC-2C1E83EFAD63} = {06E6D766-B92E-4620-B528-AC0922349CE1}
		{1700DFCF-19E5-4C71-8A86-46DB461659C3} = {06E6D766-B92E-4620-B528-AC0922349CE1}
		{666B0CBD-6DAB-44D9-BBDB-8105ED08E3B8} = {06E6D766-B92E-4620-B528-AC0922349CE1}
		{060F4DB8-DB92-4051-A824-D0ADED75CC60} = {06E6D766-B92E-4620-B528-AC0922349CE1}
		{444BE34A-9AA9-4762-9052-C167AFB69D98} = {06E6D766-B92E-4620-B528-AC0922349CE1}
		{3716DB9B-F193-451A-9274-C4A7522BD851} = {06E6D766-B92E-4620-B528-AC0922349CE1}
		{395F9A5C-9C7B-4E28-9014-D4DC993CE586} = {06E6D766-B92E-4620-B528-AC0922349CE1}
		{28E3FC0A-D5C0-4C2F-87B7-59DDCE8E4A8B} = {06E6D766-B92E-4620-B528-AC0922349CE1}
		{99D27DAE-79B7-4EDF-962F-905743D0B424} = {06E6D766-B92E-4620-B528-AC0922349CE1}
		{CCA81763-C24F-457F-9209-5933D3190559} = {06E6D766-B92E-4620-B528-AC0922349CE1}
		{05501467-5C6A-4EF6-8D07-1806989740DC} = {06E6D766-B92E-4620-B528-AC0922349CE1}
		{60927C15-5A49-4EFA-BEC7-ACCFDB2E1352} = {06E6D766-B92E-4620-B528-AC0922349CE1}
		{A00C9436-3D13-410F-9E47-BF6EEF6C2511} = {BBAFBFA1-1EE8-4120-B574-38DB49CC2A06}
		{BE625A7B-D472-40C5-880B-9891E70C91C9} = {A00C9436-3D13-410F-9E47-BF6EEF6C2511}
	EndGlobalSection
	GlobalSection(ExtensibilityGlobals) = postSolution
		SolutionGuid = {BC810808-AE9D-42E2-87C2-16DCB2045B06}
	EndGlobalSection
EndGlobal
